// !$*UTF8*$!
{
	archiveVersion = 1;
	classes = {
	};
	objectVersion = 56;
	objects = {

/* Begin PBXBuildFile section */
		528C71FF2BE1454F0063C289 /* SpotifyCatalogApp.swift in Sources */ = {isa = PBXBuildFile; fileRef = 528C71FE2BE1454F0063C289 /* SpotifyCatalogApp.swift */; };
		528C72012BE1454F0063C289 /* MainView.swift in Sources */ = {isa = PBXBuildFile; fileRef = 528C72002BE1454F0063C289 /* MainView.swift */; };
		528C72032BE145500063C289 /* Assets.xcassets in Resources */ = {isa = PBXBuildFile; fileRef = 528C72022BE145500063C289 /* Assets.xcassets */; };
		528C72062BE145500063C289 /* Preview Assets.xcassets in Resources */ = {isa = PBXBuildFile; fileRef = 528C72052BE145500063C289 /* Preview Assets.xcassets */; };
		528C720D2BE145B30063C289 /* Launch Screen.storyboard in Resources */ = {isa = PBXBuildFile; fileRef = 528C720C2BE145B30063C289 /* Launch Screen.storyboard */; };
		528C72102BE14EC00063C289 /* Market.swift in Sources */ = {isa = PBXBuildFile; fileRef = 528C720F2BE14EC00063C289 /* Market.swift */; };
		528C72122BE151BE0063C289 /* AudioType.swift in Sources */ = {isa = PBXBuildFile; fileRef = 528C72112BE151BE0063C289 /* AudioType.swift */; };
		528C72142BE15AAF0063C289 /* SpotifyData.swift in Sources */ = {isa = PBXBuildFile; fileRef = 528C72132BE15AAF0063C289 /* SpotifyData.swift */; };
		528C72162BE164040063C289 /* SpotifySearch.swift in Sources */ = {isa = PBXBuildFile; fileRef = 528C72152BE164040063C289 /* SpotifySearch.swift */; };
		528C72182BE16B440063C289 /* MessageResponse.swift in Sources */ = {isa = PBXBuildFile; fileRef = 528C72172BE16B440063C289 /* MessageResponse.swift */; };
		528C721A2BE18B1B0063C289 /* SearchSettingsView.swift in Sources */ = {isa = PBXBuildFile; fileRef = 528C72192BE18B1B0063C289 /* SearchSettingsView.swift */; };
		528C721F2BE1BA1C0063C289 /* TabbedView.swift in Sources */ = {isa = PBXBuildFile; fileRef = 528C721E2BE1BA1C0063C289 /* TabbedView.swift */; };
/* End PBXBuildFile section */

/* Begin PBXFileReference section */
		528C71FB2BE1454F0063C289 /* SpotifyCatalog.app */ = {isa = PBXFileReference; explicitFileType = wrapper.application; includeInIndex = 0; path = SpotifyCatalog.app; sourceTree = BUILT_PRODUCTS_DIR; };
		528C71FE2BE1454F0063C289 /* SpotifyCatalogApp.swift */ = {isa = PBXFileReference; lastKnownFileType = sourcecode.swift; path = SpotifyCatalogApp.swift; sourceTree = "<group>"; };
		528C72002BE1454F0063C289 /* MainView.swift */ = {isa = PBXFileReference; lastKnownFileType = sourcecode.swift; path = MainView.swift; sourceTree = "<group>"; };
		528C72022BE145500063C289 /* Assets.xcassets */ = {isa = PBXFileReference; lastKnownFileType = folder.assetcatalog; path = Assets.xcassets; sourceTree = "<group>"; };
		528C72052BE145500063C289 /* Preview Assets.xcassets */ = {isa = PBXFileReference; lastKnownFileType = folder.assetcatalog; path = "Preview Assets.xcassets"; sourceTree = "<group>"; };
		528C720C2BE145B30063C289 /* Launch Screen.storyboard */ = {isa = PBXFileReference; lastKnownFileType = file.storyboard; path = "Launch Screen.storyboard"; sourceTree = "<group>"; };
		528C720F2BE14EC00063C289 /* Market.swift */ = {isa = PBXFileReference; lastKnownFileType = sourcecode.swift; path = Market.swift; sourceTree = "<group>"; };
		528C72112BE151BE0063C289 /* AudioType.swift */ = {isa = PBXFileReference; lastKnownFileType = sourcecode.swift; path = AudioType.swift; sourceTree = "<group>"; };
		528C72132BE15AAF0063C289 /* SpotifyData.swift */ = {isa = PBXFileReference; lastKnownFileType = sourcecode.swift; path = SpotifyData.swift; sourceTree = "<group>"; };
		528C72152BE164040063C289 /* SpotifySearch.swift */ = {isa = PBXFileReference; lastKnownFileType = sourcecode.swift; path = SpotifySearch.swift; sourceTree = "<group>"; };
		528C72172BE16B440063C289 /* MessageResponse.swift */ = {isa = PBXFileReference; lastKnownFileType = sourcecode.swift; path = MessageResponse.swift; sourceTree = "<group>"; };
		528C72192BE18B1B0063C289 /* SearchSettingsView.swift */ = {isa = PBXFileReference; lastKnownFileType = sourcecode.swift; path = SearchSettingsView.swift; sourceTree = "<group>"; };
		528C721E2BE1BA1C0063C289 /* TabbedView.swift */ = {isa = PBXFileReference; lastKnownFileType = sourcecode.swift; path = TabbedView.swift; sourceTree = "<group>"; };
/* End PBXFileReference section */

/* Begin PBXFrameworksBuildPhase section */
		528C71F82BE1454F0063C289 /* Frameworks */ = {
			isa = PBXFrameworksBuildPhase;
			buildActionMask = 2147483647;
			files = (
			);
			runOnlyForDeploymentPostprocessing = 0;
		};
/* End PBXFrameworksBuildPhase section */

/* Begin PBXGroup section */
		528C71F22BE1454F0063C289 = {
			isa = PBXGroup;
			children = (
				528C71FD2BE1454F0063C289 /* SpotifyCatalog */,
				528C71FC2BE1454F0063C289 /* Products */,
			);
			sourceTree = "<group>";
		};
		528C71FC2BE1454F0063C289 /* Products */ = {
			isa = PBXGroup;
			children = (
				528C71FB2BE1454F0063C289 /* SpotifyCatalog.app */,
			);
			name = Products;
			sourceTree = "<group>";
		};
		528C71FD2BE1454F0063C289 /* SpotifyCatalog */ = {
			isa = PBXGroup;
			children = (
				528C71FE2BE1454F0063C289 /* SpotifyCatalogApp.swift */,
				528C72002BE1454F0063C289 /* MainView.swift */,
				528C721E2BE1BA1C0063C289 /* TabbedView.swift */,
				528C72192BE18B1B0063C289 /* SearchSettingsView.swift */,
				528C720E2BE14EB50063C289 /* DTOs */,
				528C72022BE145500063C289 /* Assets.xcassets */,
				528C720C2BE145B30063C289 /* Launch Screen.storyboard */,
				528C72042BE145500063C289 /* Preview Content */,
			);
			path = SpotifyCatalog;
			sourceTree = "<group>";
		};
		528C72042BE145500063C289 /* Preview Content */ = {
			isa = PBXGroup;
			children = (
				528C72052BE145500063C289 /* Preview Assets.xcassets */,
			);
			path = "Preview Content";
			sourceTree = "<group>";
		};
		528C720E2BE14EB50063C289 /* DTOs */ = {
			isa = PBXGroup;
			children = (
				528C720F2BE14EC00063C289 /* Market.swift */,
				528C72112BE151BE0063C289 /* AudioType.swift */,
				528C72132BE15AAF0063C289 /* SpotifyData.swift */,
				528C72152BE164040063C289 /* SpotifySearch.swift */,
				528C72172BE16B440063C289 /* MessageResponse.swift */,
			);
			path = DTOs;
			sourceTree = "<group>";
		};
/* End PBXGroup section */

/* Begin PBXNativeTarget section */
		528C71FA2BE1454F0063C289 /* SpotifyCatalog */ = {
			isa = PBXNativeTarget;
			buildConfigurationList = 528C72092BE145500063C289 /* Build configuration list for PBXNativeTarget "SpotifyCatalog" */;
			buildPhases = (
				528C71F72BE1454F0063C289 /* Sources */,
				528C71F82BE1454F0063C289 /* Frameworks */,
				528C71F92BE1454F0063C289 /* Resources */,
			);
			buildRules = (
			);
			dependencies = (
			);
			name = SpotifyCatalog;
			productName = SpotifyCatalog;
			productReference = 528C71FB2BE1454F0063C289 /* SpotifyCatalog.app */;
			productType = "com.apple.product-type.application";
		};
/* End PBXNativeTarget section */

/* Begin PBXProject section */
		528C71F32BE1454F0063C289 /* Project object */ = {
			isa = PBXProject;
			attributes = {
				BuildIndependentTargetsInParallel = 1;
				LastSwiftUpdateCheck = 1530;
				LastUpgradeCheck = 1530;
				TargetAttributes = {
					528C71FA2BE1454F0063C289 = {
						CreatedOnToolsVersion = 15.3;
					};
				};
			};
			buildConfigurationList = 528C71F62BE1454F0063C289 /* Build configuration list for PBXProject "SpotifyCatalog" */;
			compatibilityVersion = "Xcode 14.0";
			developmentRegion = en;
			hasScannedForEncodings = 0;
			knownRegions = (
				en,
				Base,
			);
			mainGroup = 528C71F22BE1454F0063C289;
			productRefGroup = 528C71FC2BE1454F0063C289 /* Products */;
			projectDirPath = "";
			projectRoot = "";
			targets = (
				528C71FA2BE1454F0063C289 /* SpotifyCatalog */,
			);
		};
/* End PBXProject section */

/* Begin PBXResourcesBuildPhase section */
		528C71F92BE1454F0063C289 /* Resources */ = {
			isa = PBXResourcesBuildPhase;
			buildActionMask = 2147483647;
			files = (
				528C720D2BE145B30063C289 /* Launch Screen.storyboard in Resources */,
				528C72062BE145500063C289 /* Preview Assets.xcassets in Resources */,
				528C72032BE145500063C289 /* Assets.xcassets in Resources */,
			);
			runOnlyForDeploymentPostprocessing = 0;
		};
/* End PBXResourcesBuildPhase section */

/* Begin PBXSourcesBuildPhase section */
		528C71F72BE1454F0063C289 /* Sources */ = {
			isa = PBXSourcesBuildPhase;
			buildActionMask = 2147483647;
			files = (
				528C72162BE164040063C289 /* SpotifySearch.swift in Sources */,
				528C72012BE1454F0063C289 /* MainView.swift in Sources */,
				528C71FF2BE1454F0063C289 /* SpotifyCatalogApp.swift in Sources */,
				528C72142BE15AAF0063C289 /* SpotifyData.swift in Sources */,
				528C721F2BE1BA1C0063C289 /* TabbedView.swift in Sources */,
				528C72122BE151BE0063C289 /* AudioType.swift in Sources */,
				528C721A2BE18B1B0063C289 /* SearchSettingsView.swift in Sources */,
				528C72182BE16B440063C289 /* MessageResponse.swift in Sources */,
				528C72102BE14EC00063C289 /* Market.swift in Sources */,
			);
			runOnlyForDeploymentPostprocessing = 0;
		};
/* End PBXSourcesBuildPhase section */

/* Begin XCBuildConfiguration section */
		528C72072BE145500063C289 /* Debug */ = {
			isa = XCBuildConfiguration;
			buildSettings = {
				ALWAYS_SEARCH_USER_PATHS = NO;
				ASSETCATALOG_COMPILER_GENERATE_SWIFT_ASSET_SYMBOL_EXTENSIONS = YES;
				CLANG_ANALYZER_NONNULL = YES;
				CLANG_ANALYZER_NUMBER_OBJECT_CONVERSION = YES_AGGRESSIVE;
				CLANG_CXX_LANGUAGE_STANDARD = "gnu++20";
				CLANG_ENABLE_MODULES = YES;
				CLANG_ENABLE_OBJC_ARC = YES;
				CLANG_ENABLE_OBJC_WEAK = YES;
				CLANG_WARN_BLOCK_CAPTURE_AUTORELEASING = YES;
				CLANG_WARN_BOOL_CONVERSION = YES;
				CLANG_WARN_COMMA = YES;
				CLANG_WARN_CONSTANT_CONVERSION = YES;
				CLANG_WARN_DEPRECATED_OBJC_IMPLEMENTATIONS = YES;
				CLANG_WARN_DIRECT_OBJC_ISA_USAGE = YES_ERROR;
				CLANG_WARN_DOCUMENTATION_COMMENTS = YES;
				CLANG_WARN_EMPTY_BODY = YES;
				CLANG_WARN_ENUM_CONVERSION = YES;
				CLANG_WARN_INFINITE_RECURSION = YES;
				CLANG_WARN_INT_CONVERSION = YES;
				CLANG_WARN_NON_LITERAL_NULL_CONVERSION = YES;
				CLANG_WARN_OBJC_IMPLICIT_RETAIN_SELF = YES;
				CLANG_WARN_OBJC_LITERAL_CONVERSION = YES;
				CLANG_WARN_OBJC_ROOT_CLASS = YES_ERROR;
				CLANG_WARN_QUOTED_INCLUDE_IN_FRAMEWORK_HEADER = YES;
				CLANG_WARN_RANGE_LOOP_ANALYSIS = YES;
				CLANG_WARN_STRICT_PROTOTYPES = YES;
				CLANG_WARN_SUSPICIOUS_MOVE = YES;
				CLANG_WARN_UNGUARDED_AVAILABILITY = YES_AGGRESSIVE;
				CLANG_WARN_UNREACHABLE_CODE = YES;
				CLANG_WARN__DUPLICATE_METHOD_MATCH = YES;
				COPY_PHASE_STRIP = NO;
				DEBUG_INFORMATION_FORMAT = dwarf;
				ENABLE_STRICT_OBJC_MSGSEND = YES;
				ENABLE_TESTABILITY = YES;
				ENABLE_USER_SCRIPT_SANDBOXING = YES;
				GCC_C_LANGUAGE_STANDARD = gnu17;
				GCC_DYNAMIC_NO_PIC = NO;
				GCC_NO_COMMON_BLOCKS = YES;
				GCC_OPTIMIZATION_LEVEL = 0;
				GCC_PREPROCESSOR_DEFINITIONS = (
					"DEBUG=1",
					"$(inherited)",
				);
				GCC_WARN_64_TO_32_BIT_CONVERSION = YES;
				GCC_WARN_ABOUT_RETURN_TYPE = YES_ERROR;
				GCC_WARN_UNDECLARED_SELECTOR = YES;
				GCC_WARN_UNINITIALIZED_AUTOS = YES_AGGRESSIVE;
				GCC_WARN_UNUSED_FUNCTION = YES;
				GCC_WARN_UNUSED_VARIABLE = YES;
				IPHONEOS_DEPLOYMENT_TARGET = 17.4;
				LOCALIZATION_PREFERS_STRING_CATALOGS = YES;
				MTL_ENABLE_DEBUG_INFO = INCLUDE_SOURCE;
				MTL_FAST_MATH = YES;
				ONLY_ACTIVE_ARCH = YES;
				SDKROOT = iphoneos;
				SWIFT_ACTIVE_COMPILATION_CONDITIONS = "DEBUG $(inherited)";
				SWIFT_OPTIMIZATION_LEVEL = "-Onone";
			};
			name = Debug;
		};
		528C72082BE145500063C289 /* Release */ = {
			isa = XCBuildConfiguration;
			buildSettings = {
				ALWAYS_SEARCH_USER_PATHS = NO;
				ASSETCATALOG_COMPILER_GENERATE_SWIFT_ASSET_SYMBOL_EXTENSIONS = YES;
				CLANG_ANALYZER_NONNULL = YES;
				CLANG_ANALYZER_NUMBER_OBJECT_CONVERSION = YES_AGGRESSIVE;
				CLANG_CXX_LANGUAGE_STANDARD = "gnu++20";
				CLANG_ENABLE_MODULES = YES;
				CLANG_ENABLE_OBJC_ARC = YES;
				CLANG_ENABLE_OBJC_WEAK = YES;
				CLANG_WARN_BLOCK_CAPTURE_AUTORELEASING = YES;
				CLANG_WARN_BOOL_CONVERSION = YES;
				CLANG_WARN_COMMA = YES;
				CLANG_WARN_CONSTANT_CONVERSION = YES;
				CLANG_WARN_DEPRECATED_OBJC_IMPLEMENTATIONS = YES;
				CLANG_WARN_DIRECT_OBJC_ISA_USAGE = YES_ERROR;
				CLANG_WARN_DOCUMENTATION_COMMENTS = YES;
				CLANG_WARN_EMPTY_BODY = YES;
				CLANG_WARN_ENUM_CONVERSION = YES;
				CLANG_WARN_INFINITE_RECURSION = YES;
				CLANG_WARN_INT_CONVERSION = YES;
				CLANG_WARN_NON_LITERAL_NULL_CONVERSION = YES;
				CLANG_WARN_OBJC_IMPLICIT_RETAIN_SELF = YES;
				CLANG_WARN_OBJC_LITERAL_CONVERSION = YES;
				CLANG_WARN_OBJC_ROOT_CLASS = YES_ERROR;
				CLANG_WARN_QUOTED_INCLUDE_IN_FRAMEWORK_HEADER = YES;
				CLANG_WARN_RANGE_LOOP_ANALYSIS = YES;
				CLANG_WARN_STRICT_PROTOTYPES = YES;
				CLANG_WARN_SUSPICIOUS_MOVE = YES;
				CLANG_WARN_UNGUARDED_AVAILABILITY = YES_AGGRESSIVE;
				CLANG_WARN_UNREACHABLE_CODE = YES;
				CLANG_WARN__DUPLICATE_METHOD_MATCH = YES;
				COPY_PHASE_STRIP = NO;
				DEBUG_INFORMATION_FORMAT = "dwarf-with-dsym";
				ENABLE_NS_ASSERTIONS = NO;
				ENABLE_STRICT_OBJC_MSGSEND = YES;
				ENABLE_USER_SCRIPT_SANDBOXING = YES;
				GCC_C_LANGUAGE_STANDARD = gnu17;
				GCC_NO_COMMON_BLOCKS = YES;
				GCC_WARN_64_TO_32_BIT_CONVERSION = YES;
				GCC_WARN_ABOUT_RETURN_TYPE = YES_ERROR;
				GCC_WARN_UNDECLARED_SELECTOR = YES;
				GCC_WARN_UNINITIALIZED_AUTOS = YES_AGGRESSIVE;
				GCC_WARN_UNUSED_FUNCTION = YES;
				GCC_WARN_UNUSED_VARIABLE = YES;
				IPHONEOS_DEPLOYMENT_TARGET = 17.4;
				LOCALIZATION_PREFERS_STRING_CATALOGS = YES;
				MTL_ENABLE_DEBUG_INFO = NO;
				MTL_FAST_MATH = YES;
				SDKROOT = iphoneos;
				SWIFT_COMPILATION_MODE = wholemodule;
				VALIDATE_PRODUCT = YES;
			};
			name = Release;
		};
		528C720A2BE145500063C289 /* Debug */ = {
			isa = XCBuildConfiguration;
			buildSettings = {
				ASSETCATALOG_COMPILER_APPICON_NAME = AppIcon;
				ASSETCATALOG_COMPILER_GLOBAL_ACCENT_COLOR_NAME = AccentColor;
				CODE_SIGN_STYLE = Automatic;
				CURRENT_PROJECT_VERSION = 1;
				DEVELOPMENT_ASSET_PATHS = "\"SpotifyCatalog/Preview Content\"";
				DEVELOPMENT_TEAM = L97JMB29U2;
				ENABLE_PREVIEWS = YES;
				GENERATE_INFOPLIST_FILE = YES;
				INFOPLIST_KEY_UIApplicationSceneManifest_Generation = YES;
				INFOPLIST_KEY_UIApplicationSupportsIndirectInputEvents = YES;
				INFOPLIST_KEY_UILaunchScreen_Generation = YES;
				INFOPLIST_KEY_UILaunchStoryboardName = "Launch Screen.storyboard";
				INFOPLIST_KEY_UISupportedInterfaceOrientations_iPad = "UIInterfaceOrientationPortrait UIInterfaceOrientationPortraitUpsideDown UIInterfaceOrientationLandscapeLeft UIInterfaceOrientationLandscapeRight";
				INFOPLIST_KEY_UISupportedInterfaceOrientations_iPhone = "UIInterfaceOrientationPortrait UIInterfaceOrientationLandscapeLeft UIInterfaceOrientationLandscapeRight";
				LD_RUNPATH_SEARCH_PATHS = (
					"$(inherited)",
					"@executable_path/Frameworks",
				);
				MARKETING_VERSION = 1.0;
				PRODUCT_BUNDLE_IDENTIFIER = com.playfullogic.SpotifyCatalog;
				PRODUCT_NAME = "$(TARGET_NAME)";
				SWIFT_EMIT_LOC_STRINGS = YES;
				SWIFT_VERSION = 5.0;
				TARGETED_DEVICE_FAMILY = "1,2";
			};
			name = Debug;
		};
		528C720B2BE145500063C289 /* Release */ = {
			isa = XCBuildConfiguration;
			buildSettings = {
				ASSETCATALOG_COMPILER_APPICON_NAME = AppIcon;
				ASSETCATALOG_COMPILER_GLOBAL_ACCENT_COLOR_NAME = AccentColor;
				CODE_SIGN_STYLE = Automatic;
				CURRENT_PROJECT_VERSION = 1;
				DEVELOPMENT_ASSET_PATHS = "\"SpotifyCatalog/Preview Content\"";
				DEVELOPMENT_TEAM = L97JMB29U2;
				ENABLE_PREVIEWS = YES;
				GENERATE_INFOPLIST_FILE = YES;
				INFOPLIST_KEY_UIApplicationSceneManifest_Generation = YES;
				INFOPLIST_KEY_UIApplicationSupportsIndirectInputEvents = YES;
				INFOPLIST_KEY_UILaunchScreen_Generation = YES;
				INFOPLIST_KEY_UILaunchStoryboardName = "Launch Screen.storyboard";
				INFOPLIST_KEY_UISupportedInterfaceOrientations_iPad = "UIInterfaceOrientationPortrait UIInterfaceOrientationPortraitUpsideDown UIInterfaceOrientationLandscapeLeft UIInterfaceOrientationLandscapeRight";
				INFOPLIST_KEY_UISupportedInterfaceOrientations_iPhone = "UIInterfaceOrientationPortrait UIInterfaceOrientationLandscapeLeft UIInterfaceOrientationLandscapeRight";
				LD_RUNPATH_SEARCH_PATHS = (
					"$(inherited)",
					"@executable_path/Frameworks",
				);
				MARKETING_VERSION = 1.0;
				PRODUCT_BUNDLE_IDENTIFIER = com.playfullogic.SpotifyCatalog;
				PRODUCT_NAME = "$(TARGET_NAME)";
				SWIFT_EMIT_LOC_STRINGS = YES;
				SWIFT_VERSION = 5.0;
				TARGETED_DEVICE_FAMILY = "1,2";
			};
			name = Release;
		};
/* End XCBuildConfiguration section */

/* Begin XCConfigurationList section */
		528C71F62BE1454F0063C289 /* Build configuration list for PBXProject "SpotifyCatalog" */ = {
			isa = XCConfigurationList;
			buildConfigurations = (
				528C72072BE145500063C289 /* Debug */,
				528C72082BE145500063C289 /* Release */,
			);
			defaultConfigurationIsVisible = 0;
			defaultConfigurationName = Release;
		};
		528C72092BE145500063C289 /* Build configuration list for PBXNativeTarget "SpotifyCatalog" */ = {
			isa = XCConfigurationList;
			buildConfigurations = (
				528C720A2BE145500063C289 /* Debug */,
				528C720B2BE145500063C289 /* Release */,
			);
			defaultConfigurationIsVisible = 0;
			defaultConfigurationName = Release;
		};
/* End XCConfigurationList section */
	};
	rootObject = 528C71F32BE1454F0063C289 /* Project object */;
}
